// !$*UTF8*$!
{
	archiveVersion = 1;
	classes = {
	};
	objectVersion = 50;
	objects = {

/* Begin PBXBuildFile section */
		EBA359B622B0A40000A46414 /* AppDelegate.swift in Sources */ = {isa = PBXBuildFile; fileRef = EBA359B522B0A40000A46414 /* AppDelegate.swift */; };
		EBA359B822B0A40000A46414 /* ViewController.swift in Sources */ = {isa = PBXBuildFile; fileRef = EBA359B722B0A40000A46414 /* ViewController.swift */; };
		EBA359BB22B0A40000A46414 /* Main.storyboard in Resources */ = {isa = PBXBuildFile; fileRef = EBA359B922B0A40000A46414 /* Main.storyboard */; };
		EBA359BD22B0A40100A46414 /* Assets.xcassets in Resources */ = {isa = PBXBuildFile; fileRef = EBA359BC22B0A40100A46414 /* Assets.xcassets */; };
		EBA359C022B0A40100A46414 /* LaunchScreen.storyboard in Resources */ = {isa = PBXBuildFile; fileRef = EBA359BE22B0A40100A46414 /* LaunchScreen.storyboard */; };
		EBA359CB22B0A40100A46414 /* HelloSwiftTests.swift in Sources */ = {isa = PBXBuildFile; fileRef = EBA359CA22B0A40100A46414 /* HelloSwiftTests.swift */; };
		EBA359D622B0A40100A46414 /* HelloSwiftUITests.swift in Sources */ = {isa = PBXBuildFile; fileRef = EBA359D522B0A40100A46414 /* HelloSwiftUITests.swift */; };
/* End PBXBuildFile section */

/* Begin PBXContainerItemProxy section */
		EBA359C722B0A40100A46414 /* PBXContainerItemProxy */ = {
			isa = PBXContainerItemProxy;
			containerPortal = EBA359AA22B0A40000A46414 /* Project object */;
			proxyType = 1;
			remoteGlobalIDString = EBA359B122B0A40000A46414;
			remoteInfo = HelloSwift;
		};
		EBA359D222B0A40100A46414 /* PBXContainerItemProxy */ = {
			isa = PBXContainerItemProxy;
			containerPortal = EBA359AA22B0A40000A46414 /* Project object */;
			proxyType = 1;
			remoteGlobalIDString = EBA359B122B0A40000A46414;
			remoteInfo = HelloSwift;
		};
/* End PBXContainerItemProxy section */

/* Begin PBXFileReference section */
		EBA359B222B0A40000A46414 /* HelloSwift.app */ = {isa = PBXFileReference; explicitFileType = wrapper.application; includeInIndex = 0; path = HelloSwift.app; sourceTree = BUILT_PRODUCTS_DIR; };
		EBA359B522B0A40000A46414 /* AppDelegate.swift */ = {isa = PBXFileReference; lastKnownFileType = sourcecode.swift; path = AppDelegate.swift; sourceTree = "<group>"; };
		EBA359B722B0A40000A46414 /* ViewController.swift */ = {isa = PBXFileReference; lastKnownFileType = sourcecode.swift; path = ViewController.swift; sourceTree = "<group>"; };
		EBA359BA22B0A40000A46414 /* Base */ = {isa = PBXFileReference; lastKnownFileType = file.storyboard; name = Base; path = Base.lproj/Main.storyboard; sourceTree = "<group>"; };
		EBA359BC22B0A40100A46414 /* Assets.xcassets */ = {isa = PBXFileReference; lastKnownFileType = folder.assetcatalog; path = Assets.xcassets; sourceTree = "<group>"; };
		EBA359BF22B0A40100A46414 /* Base */ = {isa = PBXFileReference; lastKnownFileType = file.storyboard; name = Base; path = Base.lproj/LaunchScreen.storyboard; sourceTree = "<group>"; };
		EBA359C122B0A40100A46414 /* Info.plist */ = {isa = PBXFileReference; lastKnownFileType = text.plist.xml; path = Info.plist; sourceTree = "<group>"; };
		EBA359C622B0A40100A46414 /* HelloSwiftTests.xctest */ = {isa = PBXFileReference; explicitFileType = wrapper.cfbundle; includeInIndex = 0; path = HelloSwiftTests.xctest; sourceTree = BUILT_PRODUCTS_DIR; };
		EBA359CA22B0A40100A46414 /* HelloSwiftTests.swift */ = {isa = PBXFileReference; lastKnownFileType = sourcecode.swift; path = HelloSwiftTests.swift; sourceTree = "<group>"; };
		EBA359CC22B0A40100A46414 /* Info.plist */ = {isa = PBXFileReference; lastKnownFileType = text.plist.xml; path = Info.plist; sourceTree = "<group>"; };
		EBA359D122B0A40100A46414 /* HelloSwiftUITests.xctest */ = {isa = PBXFileReference; explicitFileType = wrapper.cfbundle; includeInIndex = 0; path = HelloSwiftUITests.xctest; sourceTree = BUILT_PRODUCTS_DIR; };
		EBA359D522B0A40100A46414 /* HelloSwiftUITests.swift */ = {isa = PBXFileReference; lastKnownFileType = sourcecode.swift; path = HelloSwiftUITests.swift; sourceTree = "<group>"; };
		EBA359D722B0A40100A46414 /* Info.plist */ = {isa = PBXFileReference; lastKnownFileType = text.plist.xml; path = Info.plist; sourceTree = "<group>"; };
/* End PBXFileReference section */

/* Begin PBXFrameworksBuildPhase section */
		EBA359AF22B0A40000A46414 /* Frameworks */ = {
			isa = PBXFrameworksBuildPhase;
			buildActionMask = 2147483647;
			files = (
			);
			runOnlyForDeploymentPostprocessing = 0;
		};
		EBA359C322B0A40100A46414 /* Frameworks */ = {
			isa = PBXFrameworksBuildPhase;
			buildActionMask = 2147483647;
			files = (
			);
			runOnlyForDeploymentPostprocessing = 0;
		};
		EBA359CE22B0A40100A46414 /* Frameworks */ = {
			isa = PBXFrameworksBuildPhase;
			buildActionMask = 2147483647;
			files = (
			);
			runOnlyForDeploymentPostprocessing = 0;
		};
/* End PBXFrameworksBuildPhase section */

/* Begin PBXGroup section */
		EBA359A922B0A40000A46414 = {
			isa = PBXGroup;
			children = (
				EBA359B422B0A40000A46414 /* HelloSwift */,
				EBA359C922B0A40100A46414 /* HelloSwiftTests */,
				EBA359D422B0A40100A46414 /* HelloSwiftUITests */,
				EBA359B322B0A40000A46414 /* Products */,
			);
			sourceTree = "<group>";
		};
		EBA359B322B0A40000A46414 /* Products */ = {
			isa = PBXGroup;
			children = (
				EBA359B222B0A40000A46414 /* HelloSwift.app */,
				EBA359C622B0A40100A46414 /* HelloSwiftTests.xctest */,
				EBA359D122B0A40100A46414 /* HelloSwiftUITests.xctest */,
			);
			name = Products;
			sourceTree = "<group>";
		};
		EBA359B422B0A40000A46414 /* HelloSwift */ = {
			isa = PBXGroup;
			children = (
				EBA359B522B0A40000A46414 /* AppDelegate.swift */,
				EBA359B722B0A40000A46414 /* ViewController.swift */,
				EBA359B922B0A40000A46414 /* Main.storyboard */,
				EBA359BC22B0A40100A46414 /* Assets.xcassets */,
				EBA359BE22B0A40100A46414 /* LaunchScreen.storyboard */,
				EBA359C122B0A40100A46414 /* Info.plist */,
			);
			path = HelloSwift;
			sourceTree = "<group>";
		};
		EBA359C922B0A40100A46414 /* HelloSwiftTests */ = {
			isa = PBXGroup;
			children = (
				EBA359CA22B0A40100A46414 /* HelloSwiftTests.swift */,
				EBA359CC22B0A40100A46414 /* Info.plist */,
			);
			path = HelloSwiftTests;
			sourceTree = "<group>";
		};
		EBA359D422B0A40100A46414 /* HelloSwiftUITests */ = {
			isa = PBXGroup;
			children = (
				EBA359D522B0A40100A46414 /* HelloSwiftUITests.swift */,
				EBA359D722B0A40100A46414 /* Info.plist */,
			);
			path = HelloSwiftUITests;
			sourceTree = "<group>";
		};
/* End PBXGroup section */

/* Begin PBXNativeTarget section */
		EBA359B122B0A40000A46414 /* HelloSwift */ = {
			isa = PBXNativeTarget;
			buildConfigurationList = EBA359DA22B0A40100A46414 /* Build configuration list for PBXNativeTarget "HelloSwift" */;
			buildPhases = (
				EBA359AE22B0A40000A46414 /* Sources */,
				EBA359AF22B0A40000A46414 /* Frameworks */,
				EBA359B022B0A40000A46414 /* Resources */,
			);
			buildRules = (
			);
			dependencies = (
			);
			name = HelloSwift;
			productName = HelloSwift;
			productReference = EBA359B222B0A40000A46414 /* HelloSwift.app */;
			productType = "com.apple.product-type.application";
		};
		EBA359C522B0A40100A46414 /* HelloSwiftTests */ = {
			isa = PBXNativeTarget;
			buildConfigurationList = EBA359DD22B0A40100A46414 /* Build configuration list for PBXNativeTarget "HelloSwiftTests" */;
			buildPhases = (
				EBA359C222B0A40100A46414 /* Sources */,
				EBA359C322B0A40100A46414 /* Frameworks */,
				EBA359C422B0A40100A46414 /* Resources */,
			);
			buildRules = (
			);
			dependencies = (
				EBA359C822B0A40100A46414 /* PBXTargetDependency */,
			);
			name = HelloSwiftTests;
			productName = HelloSwiftTests;
			productReference = EBA359C622B0A40100A46414 /* HelloSwiftTests.xctest */;
			productType = "com.apple.product-type.bundle.unit-test";
		};
		EBA359D022B0A40100A46414 /* HelloSwiftUITests */ = {
			isa = PBXNativeTarget;
			buildConfigurationList = EBA359E022B0A40100A46414 /* Build configuration list for PBXNativeTarget "HelloSwiftUITests" */;
			buildPhases = (
				EBA359CD22B0A40100A46414 /* Sources */,
				EBA359CE22B0A40100A46414 /* Frameworks */,
				EBA359CF22B0A40100A46414 /* Resources */,
			);
			buildRules = (
			);
			dependencies = (
				EBA359D322B0A40100A46414 /* PBXTargetDependency */,
			);
			name = HelloSwiftUITests;
			productName = HelloSwiftUITests;
			productReference = EBA359D122B0A40100A46414 /* HelloSwiftUITests.xctest */;
			productType = "com.apple.product-type.bundle.ui-testing";
		};
/* End PBXNativeTarget section */

/* Begin PBXProject section */
		EBA359AA22B0A40000A46414 /* Project object */ = {
			isa = PBXProject;
			attributes = {
				LastSwiftUpdateCheck = 1020;
				LastUpgradeCheck = 1020;
				ORGANIZATIONNAME = JEROS;
				TargetAttributes = {
					EBA359B122B0A40000A46414 = {
						CreatedOnToolsVersion = 10.2.1;
					};
					EBA359C522B0A40100A46414 = {
						CreatedOnToolsVersion = 10.2.1;
						TestTargetID = EBA359B122B0A40000A46414;
					};
					EBA359D022B0A40100A46414 = {
						CreatedOnToolsVersion = 10.2.1;
						TestTargetID = EBA359B122B0A40000A46414;
					};
				};
			};
			buildConfigurationList = EBA359AD22B0A40000A46414 /* Build configuration list for PBXProject "HelloSwift" */;
			compatibilityVersion = "Xcode 9.3";
			developmentRegion = en;
			hasScannedForEncodings = 0;
			knownRegions = (
				en,
				Base,
			);
			mainGroup = EBA359A922B0A40000A46414;
			productRefGroup = EBA359B322B0A40000A46414 /* Products */;
			projectDirPath = "";
			projectRoot = "";
			targets = (
				EBA359B122B0A40000A46414 /* HelloSwift */,
				EBA359C522B0A40100A46414 /* HelloSwiftTests */,
				EBA359D022B0A40100A46414 /* HelloSwiftUITests */,
			);
		};
/* End PBXProject section */

/* Begin PBXResourcesBuildPhase section */
		EBA359B022B0A40000A46414 /* Resources */ = {
			isa = PBXResourcesBuildPhase;
			buildActionMask = 2147483647;
			files = (
				EBA359C022B0A40100A46414 /* LaunchScreen.storyboard in Resources */,
				EBA359BD22B0A40100A46414 /* Assets.xcassets in Resources */,
				EBA359BB22B0A40000A46414 /* Main.storyboard in Resources */,
			);
			runOnlyForDeploymentPostprocessing = 0;
		};
		EBA359C422B0A40100A46414 /* Resources */ = {
			isa = PBXResourcesBuildPhase;
			buildActionMask = 2147483647;
			files = (
			);
			runOnlyForDeploymentPostprocessing = 0;
		};
		EBA359CF22B0A40100A46414 /* Resources */ = {
			isa = PBXResourcesBuildPhase;
			buildActionMask = 2147483647;
			files = (
			);
			runOnlyForDeploymentPostprocessing = 0;
		};
/* End PBXResourcesBuildPhase section */

/* Begin PBXSourcesBuildPhase section */
		EBA359AE22B0A40000A46414 /* Sources */ = {
			isa = PBXSourcesBuildPhase;
			buildActionMask = 2147483647;
			files = (
				EBA359B822B0A40000A46414 /* ViewController.swift in Sources */,
				EBA359B622B0A40000A46414 /* AppDelegate.swift in Sources */,
			);
			runOnlyForDeploymentPostprocessing = 0;
		};
		EBA359C222B0A40100A46414 /* Sources */ = {
			isa = PBXSourcesBuildPhase;
			buildActionMask = 2147483647;
			files = (
				EBA359CB22B0A40100A46414 /* HelloSwiftTests.swift in Sources */,
			);
			runOnlyForDeploymentPostprocessing = 0;
		};
		EBA359CD22B0A40100A46414 /* Sources */ = {
			isa = PBXSourcesBuildPhase;
			buildActionMask = 2147483647;
			files = (
				EBA359D622B0A40100A46414 /* HelloSwiftUITests.swift in Sources */,
			);
			runOnlyForDeploymentPostprocessing = 0;
		};
/* End PBXSourcesBuildPhase section */

/* Begin PBXTargetDependency section */
		EBA359C822B0A40100A46414 /* PBXTargetDependency */ = {
			isa = PBXTargetDependency;
			target = EBA359B122B0A40000A46414 /* HelloSwift */;
			targetProxy = EBA359C722B0A40100A46414 /* PBXContainerItemProxy */;
		};
		EBA359D322B0A40100A46414 /* PBXTargetDependency */ = {
			isa = PBXTargetDependency;
			target = EBA359B122B0A40000A46414 /* HelloSwift */;
			targetProxy = EBA359D222B0A40100A46414 /* PBXContainerItemProxy */;
		};
/* End PBXTargetDependency section */

/* Begin PBXVariantGroup section */
		EBA359B922B0A40000A46414 /* Main.storyboard */ = {
			isa = PBXVariantGroup;
			children = (
				EBA359BA22B0A40000A46414 /* Base */,
			);
			name = Main.storyboard;
			sourceTree = "<group>";
		};
		EBA359BE22B0A40100A46414 /* LaunchScreen.storyboard */ = {
			isa = PBXVariantGroup;
			children = (
				EBA359BF22B0A40100A46414 /* Base */,
			);
			name = LaunchScreen.storyboard;
			sourceTree = "<group>";
		};
/* End PBXVariantGroup section */

/* Begin XCBuildConfiguration section */
		EBA359D822B0A40100A46414 /* Debug */ = {
			isa = XCBuildConfiguration;
			buildSettings = {
				ALWAYS_SEARCH_USER_PATHS = NO;
				CLANG_ANALYZER_NONNULL = YES;
				CLANG_ANALYZER_NUMBER_OBJECT_CONVERSION = YES_AGGRESSIVE;
				CLANG_CXX_LANGUAGE_STANDARD = "gnu++14";
				CLANG_CXX_LIBRARY = "libc++";
				CLANG_ENABLE_MODULES = YES;
				CLANG_ENABLE_OBJC_ARC = YES;
				CLANG_ENABLE_OBJC_WEAK = YES;
				CLANG_WARN_BLOCK_CAPTURE_AUTORELEASING = YES;
				CLANG_WARN_BOOL_CONVERSION = YES;
				CLANG_WARN_COMMA = YES;
				CLANG_WARN_CONSTANT_CONVERSION = YES;
				CLANG_WARN_DEPRECATED_OBJC_IMPLEMENTATIONS = YES;
				CLANG_WARN_DIRECT_OBJC_ISA_USAGE = YES_ERROR;
				CLANG_WARN_DOCUMENTATION_COMMENTS = YES;
				CLANG_WARN_EMPTY_BODY = YES;
				CLANG_WARN_ENUM_CONVERSION = YES;
				CLANG_WARN_INFINITE_RECURSION = YES;
				CLANG_WARN_INT_CONVERSION = YES;
				CLANG_WARN_NON_LITERAL_NULL_CONVERSION = YES;
				CLANG_WARN_OBJC_IMPLICIT_RETAIN_SELF = YES;
				CLANG_WARN_OBJC_LITERAL_CONVERSION = YES;
				CLANG_WARN_OBJC_ROOT_CLASS = YES_ERROR;
				CLANG_WARN_RANGE_LOOP_ANALYSIS = YES;
				CLANG_WARN_STRICT_PROTOTYPES = YES;
				CLANG_WARN_SUSPICIOUS_MOVE = YES;
				CLANG_WARN_UNGUARDED_AVAILABILITY = YES_AGGRESSIVE;
				CLANG_WARN_UNREACHABLE_CODE = YES;
				CLANG_WARN__DUPLICATE_METHOD_MATCH = YES;
				CODE_SIGN_IDENTITY = "iPhone Developer";
				COPY_PHASE_STRIP = NO;
				DEBUG_INFORMATION_FORMAT = dwarf;
				ENABLE_STRICT_OBJC_MSGSEND = YES;
				ENABLE_TESTABILITY = YES;
				GCC_C_LANGUAGE_STANDARD = gnu11;
				GCC_DYNAMIC_NO_PIC = NO;
				GCC_NO_COMMON_BLOCKS = YES;
				GCC_OPTIMIZATION_LEVEL = 0;
				GCC_PREPROCESSOR_DEFINITIONS = (
					"DEBUG=1",
					"$(inherited)",
				);
				GCC_WARN_64_TO_32_BIT_CONVERSION = YES;
				GCC_WARN_ABOUT_RETURN_TYPE = YES_ERROR;
				GCC_WARN_UNDECLARED_SELECTOR = YES;
				GCC_WARN_UNINITIALIZED_AUTOS = YES_AGGRESSIVE;
				GCC_WARN_UNUSED_FUNCTION = YES;
				GCC_WARN_UNUSED_VARIABLE = YES;
				IPHONEOS_DEPLOYMENT_TARGET = 12.2;
				MTL_ENABLE_DEBUG_INFO = INCLUDE_SOURCE;
				MTL_FAST_MATH = YES;
				ONLY_ACTIVE_ARCH = YES;
				SDKROOT = iphoneos;
				SWIFT_ACTIVE_COMPILATION_CONDITIONS = DEBUG;
				SWIFT_OPTIMIZATION_LEVEL = "-Onone";
			};
			name = Debug;
		};
		EBA359D922B0A40100A46414 /* Release */ = {
			isa = XCBuildConfiguration;
			buildSettings = {
				ALWAYS_SEARCH_USER_PATHS = NO;
				CLANG_ANALYZER_NONNULL = YES;
				CLANG_ANALYZER_NUMBER_OBJECT_CONVERSION = YES_AGGRESSIVE;
				CLANG_CXX_LANGUAGE_STANDARD = "gnu++14";
				CLANG_CXX_LIBRARY = "libc++";
				CLANG_ENABLE_MODULES = YES;
				CLANG_ENABLE_OBJC_ARC = YES;
				CLANG_ENABLE_OBJC_WEAK = YES;
				CLANG_WARN_BLOCK_CAPTURE_AUTORELEASING = YES;
				CLANG_WARN_BOOL_CONVERSION = YES;
				CLANG_WARN_COMMA = YES;
				CLANG_WARN_CONSTANT_CONVERSION = YES;
				CLANG_WARN_DEPRECATED_OBJC_IMPLEMENTATIONS = YES;
				CLANG_WARN_DIRECT_OBJC_ISA_USAGE = YES_ERROR;
				CLANG_WARN_DOCUMENTATION_COMMENTS = YES;
				CLANG_WARN_EMPTY_BODY = YES;
				CLANG_WARN_ENUM_CONVERSION = YES;
				CLANG_WARN_INFINITE_RECURSION = YES;
				CLANG_WARN_INT_CONVERSION = YES;
				CLANG_WARN_NON_LITERAL_NULL_CONVERSION = YES;
				CLANG_WARN_OBJC_IMPLICIT_RETAIN_SELF = YES;
				CLANG_WARN_OBJC_LITERAL_CONVERSION = YES;
				CLANG_WARN_OBJC_ROOT_CLASS = YES_ERROR;
				CLANG_WARN_RANGE_LOOP_ANALYSIS = YES;
				CLANG_WARN_STRICT_PROTOTYPES = YES;
				CLANG_WARN_SUSPICIOUS_MOVE = YES;
				CLANG_WARN_UNGUARDED_AVAILABILITY = YES_AGGRESSIVE;
				CLANG_WARN_UNREACHABLE_CODE = YES;
				CLANG_WARN__DUPLICATE_METHOD_MATCH = YES;
				CODE_SIGN_IDENTITY = "iPhone Developer";
				COPY_PHASE_STRIP = NO;
				DEBUG_INFORMATION_FORMAT = "dwarf-with-dsym";
				ENABLE_NS_ASSERTIONS = NO;
				ENABLE_STRICT_OBJC_MSGSEND = YES;
				GCC_C_LANGUAGE_STANDARD = gnu11;
				GCC_NO_COMMON_BLOCKS = YES;
				GCC_WARN_64_TO_32_BIT_CONVERSION = YES;
				GCC_WARN_ABOUT_RETURN_TYPE = YES_ERROR;
				GCC_WARN_UNDECLARED_SELECTOR = YES;
				GCC_WARN_UNINITIALIZED_AUTOS = YES_AGGRESSIVE;
				GCC_WARN_UNUSED_FUNCTION = YES;
				GCC_WARN_UNUSED_VARIABLE = YES;
				IPHONEOS_DEPLOYMENT_TARGET = 12.2;
				MTL_ENABLE_DEBUG_INFO = NO;
				MTL_FAST_MATH = YES;
				SDKROOT = iphoneos;
				SWIFT_COMPILATION_MODE = wholemodule;
				SWIFT_OPTIMIZATION_LEVEL = "-O";
				VALIDATE_PRODUCT = YES;
			};
			name = Release;
		};
		EBA359DB22B0A40100A46414 /* Debug */ = {
			isa = XCBuildConfiguration;
			buildSettings = {
				ASSETCATALOG_COMPILER_APPICON_NAME = AppIcon;
				CODE_SIGN_STYLE = Automatic;
				INFOPLIST_FILE = HelloSwift/Info.plist;
				LD_RUNPATH_SEARCH_PATHS = (
					"$(inherited)",
					"@executable_path/Frameworks",
				);
				PRODUCT_BUNDLE_IDENTIFIER = com.xero0516.developer.HelloSwift;
				PRODUCT_NAME = "$(TARGET_NAME)";
				SWIFT_VERSION = 5.0;
				TARGETED_DEVICE_FAMILY = "1,2";
			};
			name = Debug;
		};
		EBA359DC22B0A40100A46414 /* Release */ = {
			isa = XCBuildConfiguration;
			buildSettings = {
				ASSETCATALOG_COMPILER_APPICON_NAME = AppIcon;
				CODE_SIGN_STYLE = Automatic;
				INFOPLIST_FILE = HelloSwift/Info.plist;
				LD_RUNPATH_SEARCH_PATHS = (
					"$(inherited)",
					"@executable_path/Frameworks",
				);
				PRODUCT_BUNDLE_IDENTIFIER = com.xero0516.developer.HelloSwift;
				PRODUCT_NAME = "$(TARGET_NAME)";
				SWIFT_VERSION = 5.0;
				TARGETED_DEVICE_FAMILY = "1,2";
			};
			name = Release;
		};
		EBA359DE22B0A40100A46414 /* Debug */ = {
			isa = XCBuildConfiguration;
			buildSettings = {
				ALWAYS_EMBED_SWIFT_STANDARD_LIBRARIES = YES;
				BUNDLE_LOADER = "$(TEST_HOST)";
				CODE_SIGN_STYLE = Automatic;
				INFOPLIST_FILE = HelloSwiftTests/Info.plist;
				LD_RUNPATH_SEARCH_PATHS = (
					"$(inherited)",
					"@executable_path/Frameworks",
					"@loader_path/Frameworks",
				);
				PRODUCT_BUNDLE_IDENTIFIER = com.xero0516.developer.HelloSwiftTests;
				PRODUCT_NAME = "$(TARGET_NAME)";
				SWIFT_VERSION = 5.0;
				TARGETED_DEVICE_FAMILY = "1,2";
				TEST_HOST = "$(BUILT_PRODUCTS_DIR)/HelloSwift.app/HelloSwift";
			};
			name = Debug;
		};
		EBA359DF22B0A40100A46414 /* Release */ = {
			isa = XCBuildConfiguration;
			buildSettings = {
				ALWAYS_EMBED_SWIFT_STANDARD_LIBRARIES = YES;
				BUNDLE_LOADER = "$(TEST_HOST)";
				CODE_SIGN_STYLE = Automatic;
				INFOPLIST_FILE = HelloSwiftTests/Info.plist;
				LD_RUNPATH_SEARCH_PATHS = (
					"$(inherited)",
					"@executable_path/Frameworks",
					"@loader_path/Frameworks",
				);
				PRODUCT_BUNDLE_IDENTIFIER = com.xero0516.developer.HelloSwiftTests;
				PRODUCT_NAME = "$(TARGET_NAME)";
				SWIFT_VERSION = 5.0;
				TARGETED_DEVICE_FAMILY = "1,2";
				TEST_HOST = "$(BUILT_PRODUCTS_DIR)/HelloSwift.app/HelloSwift";
			};
			name = Release;
		};
		EBA359E122B0A40100A46414 /* Debug */ = {
			isa = XCBuildConfiguration;
			buildSettings = {
				ALWAYS_EMBED_SWIFT_STANDARD_LIBRARIES = YES;
				CODE_SIGN_STYLE = Automatic;
				INFOPLIST_FILE = HelloSwiftUITests/Info.plist;
				LD_RUNPATH_SEARCH_PATHS = (
					"$(inherited)",
					"@executable_path/Frameworks",
					"@loader_path/Frameworks",
				);
				PRODUCT_BUNDLE_IDENTIFIER = com.xero0516.developer.HelloSwiftUITests;
				PRODUCT_NAME = "$(TARGET_NAME)";
				SWIFT_VERSION = 5.0;
				TARGETED_DEVICE_FAMILY = "1,2";
				TEST_TARGET_NAME = HelloSwift;
			};
			name = Debug;
		};
		EBA359E222B0A40100A46414 /* Release */ = {
			isa = XCBuildConfiguration;
			buildSettings = {
				ALWAYS_EMBED_SWIFT_STANDARD_LIBRARIES = YES;
				CODE_SIGN_STYLE = Automatic;
				INFOPLIST_FILE = HelloSwiftUITests/Info.plist;
				LD_RUNPATH_SEARCH_PATHS = (
					"$(inherited)",
					"@executable_path/Frameworks",
					"@loader_path/Frameworks",
				);
				PRODUCT_BUNDLE_IDENTIFIER = com.xero0516.developer.HelloSwiftUITests;
				PRODUCT_NAME = "$(TARGET_NAME)";
				SWIFT_VERSION = 5.0;
				TARGETED_DEVICE_FAMILY = "1,2";
				TEST_TARGET_NAME = HelloSwift;
			};
			name = Release;
		};
/* End XCBuildConfiguration section */

/* Begin XCConfigurationList section */
		EBA359AD22B0A40000A46414 /* Build configuration list for PBXProject "HelloSwift" */ = {
			isa = XCConfigurationList;
			buildConfigurations = (
				EBA359D822B0A40100A46414 /* Debug */,
				EBA359D922B0A40100A46414 /* Release */,
			);
			defaultConfigurationIsVisible = 0;
			defaultConfigurationName = Release;
		};
		EBA359DA22B0A40100A46414 /* Build configuration list for PBXNativeTarget "HelloSwift" */ = {
			isa = XCConfigurationList;
			buildConfigurations = (
				EBA359DB22B0A40100A46414 /* Debug */,
				EBA359DC22B0A40100A46414 /* Release */,
			);
			defaultConfigurationIsVisible = 0;
			defaultConfigurationName = Release;
		};
		EBA359DD22B0A40100A46414 /* Build configuration list for PBXNativeTarget "HelloSwiftTests" */ = {
			isa = XCConfigurationList;
			buildConfigurations = (
				EBA359DE22B0A40100A46414 /* Debug */,
				EBA359DF22B0A40100A46414 /* Release */,
			);
			defaultConfigurationIsVisible = 0;
			defaultConfigurationName = Release;
		};
		EBA359E022B0A40100A46414 /* Build configuration list for PBXNativeTarget "HelloSwiftUITests" */ = {
			isa = XCConfigurationList;
			buildConfigurations = (
				EBA359E122B0A40100A46414 /* Debug */,
				EBA359E222B0A40100A46414 /* Release */,
			);
			defaultConfigurationIsVisible = 0;
			defaultConfigurationName = Release;
		};
/* End XCConfigurationList section */
	};
	rootObject = EBA359AA22B0A40000A46414 /* Project object */;
}
